{
    "name": "flatironsrecovery.com",
    "version": "1.0.0",
    "lockfileVersion": 2,
    "requires": true,
    "packages": {
        "": {
            "version": "1.0.0",
            "license": "SEE LICENSE IN LICENSE",
            "devDependencies": {
                "erbium": "^2.0.1",
                "flexboxgrid": "^6.3.1"
            }
        },
        "node_modules/erbium": {
            "version": "2.0.1",
            "resolved": "https://registry.npmjs.org/erbium/-/erbium-2.0.1.tgz",
            "integrity": "sha512-Mv+e5iMn6irv9rkZrvnXPeds7BICeZ+7Nxr8Twz+xCneolY+JMmTMMA97R4ppeOWPlIVa8zYme78Ykc/m8+9yg==",
            "dev": true
        },
        "node_modules/flexboxgrid": {
            "version": "6.3.1",
            "resolved": "https://registry.npmjs.org/flexboxgrid/-/flexboxgrid-6.3.1.tgz",
            "integrity": "sha1-6ZiYr8B7cEdyK7galYpfuk1OIP0=",
            "dev": true
        }
    },
    "dependencies": {
        "erbium": {
            "version": "2.0.1",
            "resolved": "https://registry.npmjs.org/erbium/-/erbium-2.0.1.tgz",
            "integrity": "sha512-Mv+e5iMn6irv9rkZrvnXPeds7BICeZ+7Nxr8Twz+xCneolY+JMmTMMA97R4ppeOWPlIVa8zYme78Ykc/m8+9yg==",
            "dev": true
        },
        "flexboxgrid": {
            "version": "6.3.1",
            "resolved": "https://registry.npmjs.org/flexboxgrid/-/flexboxgrid-6.3.1.tgz",
            "integrity": "sha1-6ZiYr8B7cEdyK7galYpfuk1OIP0=",
            "dev": true
        }
    }
}
